# This is a Gradle generated file for dependency locking.
# Manual edits can break the build and are not advised.
# This file is expected to be part of source control.
com.azure:azure-core-http-netty:1.14.2=pluginLibsCompile
com.azure:azure-core:1.48.0=pluginLibsCompile
com.azure:azure-identity:1.12.0=pluginLibsCompile
com.azure:azure-json:1.1.0=pluginLibsCompile
com.azure:azure-security-keyvault-secrets:4.8.0=pluginLibsCompile
com.azure:azure-xml:1.0.0=pluginLibsCompile
com.fasterxml.jackson.core:jackson-annotations:2.13.5=pluginLibsCompile
com.fasterxml.jackson.core:jackson-core:2.13.5=pluginLibsCompile
com.fasterxml.jackson.core:jackson-databind:2.13.5=pluginLibsCompile
com.fasterxml.jackson.datatype:jackson-datatype-jsr310:2.13.5=pluginLibsCompile
com.fasterxml.jackson:jackson-bom:2.13.5=pluginLibsCompile
com.github.stephenc.jcip:jcip-annotations:1.0-1=pluginLibsCompile
com.google.android:annotations:4.1.1.4=pluginLibsCompile
com.google.api.grpc:proto-google-cloud-secretmanager-v1:2.36.0=pluginLibsCompile
com.google.api.grpc:proto-google-cloud-secretmanager-v1beta1:2.36.0=pluginLibsCompile
com.google.api.grpc:proto-google-common-protos:2.34.0=pluginLibsCompile
com.google.api.grpc:proto-google-iam-v1:1.29.0=pluginLibsCompile
com.google.api:api-common:2.26.0=pluginLibsCompile
com.google.api:gax-grpc:2.43.0=pluginLibsCompile
com.google.api:gax-httpjson:2.43.0=pluginLibsCompile
com.google.api:gax:2.43.0=pluginLibsCompile
com.google.auth:google-auth-library-credentials:1.23.0=pluginLibsCompile
com.google.auth:google-auth-library-oauth2-http:1.23.0=pluginLibsCompile
com.google.auto.value:auto-value-annotations:1.10.4=pluginLibsCompile
com.google.cloud:google-cloud-secretmanager:2.36.0=pluginLibsCompile
com.google.code.findbugs:jsr305:3.0.2=pluginLibsCompile
com.google.code.gson:gson:2.10.1=pluginLibsCompile
com.google.errorprone:error_prone_annotations:2.24.1=pluginLibsCompile
com.google.guava:failureaccess:1.0.1=pluginLibsCompile
com.google.guava:guava:32.1.3-jre FAILED=pluginLibsCompile
com.google.guava:listenablefuture:9999.0-empty-to-avoid-conflict-with-guava=pluginLibsCompile
com.google.http-client:google-http-client-gson:1.44.1=pluginLibsCompile
com.google.http-client:google-http-client:1.44.1=pluginLibsCompile
com.google.j2objc:j2objc-annotations:2.8=pluginLibsCompile
com.google.protobuf:protobuf-java-util:3.25.2=pluginLibsCompile
com.google.protobuf:protobuf-java:3.25.2=pluginLibsCompile
com.google.re2j:re2j:1.7=pluginLibsCompile
com.microsoft.azure:msal4j-persistence-extension:1.3.0=pluginLibsCompile
com.microsoft.azure:msal4j:1.15.0=pluginLibsCompile
com.nimbusds:content-type:2.3=pluginLibsCompile
com.nimbusds:lang-tag:1.7=pluginLibsCompile
com.nimbusds:nimbus-jose-jwt:9.37.3=pluginLibsCompile
com.nimbusds:oauth2-oidc-sdk:11.9.1=pluginLibsCompile
commons-codec:commons-codec:1.17.1=pluginLibsCompile
io.github.jopenlibs:vault-java-driver:5.4.0=pluginLibsCompile
io.grpc:grpc-alts:1.61.1=pluginLibsCompile
io.grpc:grpc-api:1.61.1=pluginLibsCompile
io.grpc:grpc-auth:1.61.1=pluginLibsCompile
io.grpc:grpc-context:1.61.1=pluginLibsCompile
io.grpc:grpc-core:1.61.1=pluginLibsCompile
io.grpc:grpc-googleapis:1.61.1=pluginLibsCompile
io.grpc:grpc-grpclb:1.61.1=pluginLibsCompile
io.grpc:grpc-inprocess:1.61.1=pluginLibsCompile
io.grpc:grpc-netty-shaded:1.61.1=pluginLibsCompile
io.grpc:grpc-protobuf-lite:1.61.1=pluginLibsCompile
io.grpc:grpc-protobuf:1.61.1=pluginLibsCompile
io.grpc:grpc-services:1.61.1=pluginLibsCompile
io.grpc:grpc-stub:1.61.1=pluginLibsCompile
io.grpc:grpc-util:1.61.1=pluginLibsCompile
io.grpc:grpc-xds:1.61.1=pluginLibsCompile
io.netty:netty-buffer:4.1.112.Final=pluginLibsCompile
io.netty:netty-codec-dns:4.1.107.Final=pluginLibsCompile
io.netty:netty-codec-http2:4.1.112.Final=pluginLibsCompile
io.netty:netty-codec-http:4.1.112.Final=pluginLibsCompile
io.netty:netty-codec-socks:4.1.108.Final=pluginLibsCompile
io.netty:netty-codec:4.1.112.Final=pluginLibsCompile
io.netty:netty-common:4.1.112.Final=pluginLibsCompile
io.netty:netty-handler-proxy:4.1.108.Final=pluginLibsCompile
io.netty:netty-handler:4.1.112.Final=pluginLibsCompile
io.netty:netty-resolver-dns-classes-macos:4.1.107.Final=pluginLibsCompile
io.netty:netty-resolver-dns-native-macos:4.1.107.Final=pluginLibsCompile
io.netty:netty-resolver-dns:4.1.107.Final=pluginLibsCompile
io.netty:netty-resolver:4.1.112.Final=pluginLibsCompile
io.netty:netty-tcnative-boringssl-static:2.0.65.Final=pluginLibsCompile
io.netty:netty-tcnative-classes:2.0.65.Final=pluginLibsCompile
io.netty:netty-transport-classes-epoll:4.1.112.Final=pluginLibsCompile
io.netty:netty-transport-classes-kqueue:4.1.108.Final=pluginLibsCompile
io.netty:netty-transport-native-epoll:4.1.108.Final=pluginLibsCompile
io.netty:netty-transport-native-kqueue:4.1.108.Final=pluginLibsCompile
io.netty:netty-transport-native-unix-common:4.1.112.Final=pluginLibsCompile
io.netty:netty-transport:4.1.112.Final=pluginLibsCompile
io.opencensus:opencensus-api:0.31.1=pluginLibsCompile
io.opencensus:opencensus-contrib-http-util:0.31.1=pluginLibsCompile
io.opencensus:opencensus-proto:0.2.0=pluginLibsCompile
io.perfmark:perfmark-api:0.27.0=pluginLibsCompile
io.projectreactor.netty:reactor-netty-core:1.0.43=pluginLibsCompile
io.projectreactor.netty:reactor-netty-http:1.0.43=pluginLibsCompile
io.projectreactor:reactor-core:3.4.36=pluginLibsCompile
javax.annotation:javax.annotation-api:1.3.2=pluginLibsCompile
net.java.dev.jna:jna-platform:5.13.0=pluginLibsCompile
net.java.dev.jna:jna:5.13.0=pluginLibsCompile
net.minidev:accessors-smart:2.5.0=pluginLibsCompile
net.minidev:json-smart:2.5.0=pluginLibsCompile
org.apache.httpcomponents:httpclient:4.5.14=pluginLibsCompile
org.apache.httpcomponents:httpcore:4.4.16=pluginLibsCompile
org.checkerframework:checker-qual:3.42.0=pluginLibsCompile
org.codehaus.mojo:animal-sniffer-annotations:1.23=pluginLibsCompile
org.conscrypt:conscrypt-openjdk-uber:2.5.2=pluginLibsCompile
org.ow2.asm:asm:9.3=pluginLibsCompile
org.reactivestreams:reactive-streams:1.0.4=pluginLibsCompile
org.slf4j:slf4j-api:1.7.36=pluginLibsCompile
org.threeten:threetenbp:1.6.8=pluginLibsCompile
software.amazon.awssdk:annotations:2.26.31=pluginLibsCompile
software.amazon.awssdk:apache-client:2.26.31=pluginLibsCompile
software.amazon.awssdk:auth:2.26.31=pluginLibsCompile
software.amazon.awssdk:aws-core:2.26.31=pluginLibsCompile
software.amazon.awssdk:aws-json-protocol:2.26.31=pluginLibsCompile
software.amazon.awssdk:checksums-spi:2.26.31=pluginLibsCompile
software.amazon.awssdk:checksums:2.26.31=pluginLibsCompile
software.amazon.awssdk:endpoints-spi:2.26.31=pluginLibsCompile
software.amazon.awssdk:http-auth-aws-eventstream:2.26.31=pluginLibsCompile
software.amazon.awssdk:http-auth-aws:2.26.31=pluginLibsCompile
software.amazon.awssdk:http-auth-spi:2.26.31=pluginLibsCompile
software.amazon.awssdk:http-auth:2.26.31=pluginLibsCompile
software.amazon.awssdk:http-client-spi:2.26.31=pluginLibsCompile
software.amazon.awssdk:identity-spi:2.26.31=pluginLibsCompile
software.amazon.awssdk:json-utils:2.26.31=pluginLibsCompile
software.amazon.awssdk:metrics-spi:2.26.31=pluginLibsCompile
software.amazon.awssdk:netty-nio-client:2.26.31=pluginLibsCompile
software.amazon.awssdk:profiles:2.26.31=pluginLibsCompile
software.amazon.awssdk:protocol-core:2.26.31=pluginLibsCompile
software.amazon.awssdk:regions:2.26.31=pluginLibsCompile
software.amazon.awssdk:retries-spi:2.26.31=pluginLibsCompile
software.amazon.awssdk:retries:2.26.31=pluginLibsCompile
software.amazon.awssdk:sdk-core:2.26.31=pluginLibsCompile
software.amazon.awssdk:secretsmanager:2.26.31=pluginLibsCompile
software.amazon.awssdk:third-party-jackson-core:2.26.31=pluginLibsCompile
software.amazon.awssdk:url-connection-client:2.26.31=pluginLibsCompile
software.amazon.awssdk:utils:2.26.31=pluginLibsCompile
software.amazon.eventstream:eventstream:1.0.1=pluginLibsCompile
empty=pluginLibsCompileOnly,pluginLibsRuntime
