{
    "name": "ofbiz-projectmgr",
    "lockfileVersion": 3,
    "requires": true,
    "packages": {
        "": {
            "name": "ofbiz-projectmgr",
            "license": "Apache-2.0",
            "dependencies": {
                "jsgantt-improved": "^3.0.0"
            }
        },
        "node_modules/@types/node": {
            "version": "24.12.2",
            "resolved": "https://registry.npmjs.org/@types/node/-/node-24.12.2.tgz",
            "integrity": "sha512-A1sre26ke7HDIuY/M23nd9gfB+nrmhtYyMINbjI1zHJxYteKR6qSMX56FsmjMcDb3SMcjJg5BiRRgOCC/yBD0g==",
            "license": "MIT",
            "dependencies": {
                "undici-types": "~7.16.0"
            }
        },
        "node_modules/jsgantt-improved": {
            "version": "3.0.0",
            "resolved": "https://registry.npmjs.org/jsgantt-improved/-/jsgantt-improved-3.0.0.tgz",
            "integrity": "sha512-0OtLBSmb5e0WAroRhp0sT+hJBSYM9x0zsGxXpv+RSVpoQ4HovE5+G5c0SDD+1ogXld9dkJtbDGCmvJQYhxCxwA==",
            "license": "ISC",
            "dependencies": {
                "@types/node": "^24.3.0"
            }
        },
        "node_modules/undici-types": {
            "version": "7.16.0",
            "resolved": "https://registry.npmjs.org/undici-types/-/undici-types-7.16.0.tgz",
            "integrity": "sha512-Zz+aZWSj8LE6zoxD+xrjh4VfkIG8Ya6LvYkZqtUQGJPZjYl53ypCaUwWqo7eI0x66KBGeRo+mlBEkMSeSZ38Nw==",
            "license": "MIT"
        }
    }
}
